
Microsoft Visual Studio Solution File, Format Version 12.00
# Visual Studio Version 17
VisualStudioVersion = 17.10.35013.160
MinimumVisualStudioVersion = 10.0.40219.1
Project("{FAE04EC0-301F-11D3-BF4B-00C04F79EFBC}") = "Ispit.API", "Ispit.API\Ispit.API.csproj", "{ECFDDBC1-1C61-4F25-A189-0F31B93DD153}"
EndProject
Global
	GlobalSection(SolutionConfigurationPlatforms) = preSolution
		Debug|Any CPU = Debug|Any CPU
		Release|Any CPU = Release|Any CPU
	EndGlobalSection
	GlobalSection(ProjectConfigurationPlatforms) = postSolution
		{ECFDDBC1-1C61-4F25-A189-0F31B93DD153}.Debug|Any CPU.ActiveCfg = Debug|Any CPU
		{ECFDDBC1-1C61-4F25-A189-0F31B93DD153}.Debug|Any CPU.Build.0 = Debug|Any CPU
		{ECFDDBC1-1C61-4F25-A189-0F31B93DD153}.Release|Any CPU.ActiveCfg = Release|Any CPU
		{ECFDDBC1-1C61-4F25-A189-0F31B93DD153}.Release|Any CPU.Build.0 = Release|Any CPU
	EndGlobalSection
	GlobalSection(SolutionProperties) = preSolution
		HideSolutionNode = FALSE
	EndGlobalSection
	GlobalSection(ExtensibilityGlobals) = postSolution
		SolutionGuid = {F0B8F1DC-5F26-4E17-847D-5FD58338CE9E}
	EndGlobalSection
EndGlobal
